// !$*UTF8*$!
{
	archiveVersion = 1;
	classes = {
	};
	objectVersion = 46;
	objects = {

/* Begin PBXBuildFile section */
		DB1239E21D1706AF00E8490A /* Simulator.swift in Sources */ = {isa = PBXBuildFile; fileRef = DB1239E11D1706AF00E8490A /* Simulator.swift */; };
		DB249D181D103B2D00B47406 /* Node.swift in Sources */ = {isa = PBXBuildFile; fileRef = DB249D171D103B2D00B47406 /* Node.swift */; };
		DB249D1A1D106E5D00B47406 /* Router.swift in Sources */ = {isa = PBXBuildFile; fileRef = DB249D191D106E5D00B47406 /* Router.swift */; };
		DB249D1C1D107F4D00B47406 /* RouterRule.swift in Sources */ = {isa = PBXBuildFile; fileRef = DB249D1B1D107F4D00B47406 /* RouterRule.swift */; };
		DB7C30AB1CFF812500040771 /* main.swift in Sources */ = {isa = PBXBuildFile; fileRef = DB7C30AA1CFF812500040771 /* main.swift */; };
		DB7C30B51CFF88EB00040771 /* Parser.swift in Sources */ = {isa = PBXBuildFile; fileRef = DB7C30B41CFF88EB00040771 /* Parser.swift */; };
/* End PBXBuildFile section */

/* Begin PBXCopyFilesBuildPhase section */
		DB7C30A51CFF812500040771 /* CopyFiles */ = {
			isa = PBXCopyFilesBuildPhase;
			buildActionMask = 2147483647;
			dstPath = /usr/share/man/man1/;
			dstSubfolderSpec = 0;
			files = (
			);
			runOnlyForDeploymentPostprocessing = 1;
		};
/* End PBXCopyFilesBuildPhase section */

/* Begin PBXFileReference section */
		DB1239E11D1706AF00E8490A /* Simulator.swift */ = {isa = PBXFileReference; fileEncoding = 4; lastKnownFileType = sourcecode.swift; path = Simulator.swift; sourceTree = "<group>"; };
		DB249D171D103B2D00B47406 /* Node.swift */ = {isa = PBXFileReference; fileEncoding = 4; lastKnownFileType = sourcecode.swift; path = Node.swift; sourceTree = "<group>"; };
		DB249D191D106E5D00B47406 /* Router.swift */ = {isa = PBXFileReference; fileEncoding = 4; lastKnownFileType = sourcecode.swift; path = Router.swift; sourceTree = "<group>"; };
		DB249D1B1D107F4D00B47406 /* RouterRule.swift */ = {isa = PBXFileReference; fileEncoding = 4; lastKnownFileType = sourcecode.swift; path = RouterRule.swift; sourceTree = "<group>"; };
		DB7C30A71CFF812500040771 /* TrabalhoRedes */ = {isa = PBXFileReference; explicitFileType = "compiled.mach-o.executable"; includeInIndex = 0; path = TrabalhoRedes; sourceTree = BUILT_PRODUCTS_DIR; };
		DB7C30AA1CFF812500040771 /* main.swift */ = {isa = PBXFileReference; lastKnownFileType = sourcecode.swift; path = main.swift; sourceTree = "<group>"; };
		DB7C30B11CFF829100040771 /* rede1.txt */ = {isa = PBXFileReference; fileEncoding = 4; lastKnownFileType = text; path = rede1.txt; sourceTree = "<group>"; };
		DB7C30B41CFF88EB00040771 /* Parser.swift */ = {isa = PBXFileReference; fileEncoding = 4; lastKnownFileType = sourcecode.swift; path = Parser.swift; sourceTree = "<group>"; };
/* End PBXFileReference section */

/* Begin PBXFrameworksBuildPhase section */
		DB7C30A41CFF812500040771 /* Frameworks */ = {
			isa = PBXFrameworksBuildPhase;
			buildActionMask = 2147483647;
			files = (
			);
			runOnlyForDeploymentPostprocessing = 0;
		};
/* End PBXFrameworksBuildPhase section */

/* Begin PBXGroup section */
		DB7C309E1CFF812500040771 = {
			isa = PBXGroup;
			children = (
				DB7C30A91CFF812500040771 /* TrabalhoRedes */,
				DB7C30A81CFF812500040771 /* Products */,
			);
			sourceTree = "<group>";
		};
		DB7C30A81CFF812500040771 /* Products */ = {
			isa = PBXGroup;
			children = (
				DB7C30A71CFF812500040771 /* TrabalhoRedes */,
			);
			name = Products;
			sourceTree = "<group>";
		};
		DB7C30A91CFF812500040771 /* TrabalhoRedes */ = {
			isa = PBXGroup;
			children = (
				DB7C30AA1CFF812500040771 /* main.swift */,
				DB7C30B11CFF829100040771 /* rede1.txt */,
				DB7C30B41CFF88EB00040771 /* Parser.swift */,
				DB249D171D103B2D00B47406 /* Node.swift */,
				DB249D191D106E5D00B47406 /* Router.swift */,
				DB249D1B1D107F4D00B47406 /* RouterRule.swift */,
				DB1239E11D1706AF00E8490A /* Simulator.swift */,
			);
			path = TrabalhoRedes;
			sourceTree = "<group>";
		};
/* End PBXGroup section */

/* Begin PBXNativeTarget section */
		DB7C30A61CFF812500040771 /* TrabalhoRedes */ = {
			isa = PBXNativeTarget;
			buildConfigurationList = DB7C30AE1CFF812500040771 /* Build configuration list for PBXNativeTarget "TrabalhoRedes" */;
			buildPhases = (
				DB7C30A31CFF812500040771 /* Sources */,
				DB7C30A41CFF812500040771 /* Frameworks */,
				DB7C30A51CFF812500040771 /* CopyFiles */,
			);
			buildRules = (
			);
			dependencies = (
			);
			name = TrabalhoRedes;
			productName = TrabalhoRedes;
			productReference = DB7C30A71CFF812500040771 /* TrabalhoRedes */;
			productType = "com.apple.product-type.tool";
		};
/* End PBXNativeTarget section */

/* Begin PBXProject section */
		DB7C309F1CFF812500040771 /* Project object */ = {
			isa = PBXProject;
			attributes = {
				LastSwiftUpdateCheck = 0730;
				LastUpgradeCheck = 0730;
				ORGANIZATIONNAME = Giacomuzzi;
				TargetAttributes = {
					DB7C30A61CFF812500040771 = {
						CreatedOnToolsVersion = 7.3.1;
					};
				};
			};
			buildConfigurationList = DB7C30A21CFF812500040771 /* Build configuration list for PBXProject "TrabalhoRedes" */;
			compatibilityVersion = "Xcode 3.2";
			developmentRegion = English;
			hasScannedForEncodings = 0;
			knownRegions = (
				en,
			);
			mainGroup = DB7C309E1CFF812500040771;
			productRefGroup = DB7C30A81CFF812500040771 /* Products */;
			projectDirPath = "";
			projectRoot = "";
			targets = (
				DB7C30A61CFF812500040771 /* TrabalhoRedes */,
			);
		};
/* End PBXProject section */

/* Begin PBXSourcesBuildPhase section */
		DB7C30A31CFF812500040771 /* Sources */ = {
			isa = PBXSourcesBuildPhase;
			buildActionMask = 2147483647;
			files = (
				DB249D1A1D106E5D00B47406 /* Router.swift in Sources */,
				DB249D181D103B2D00B47406 /* Node.swift in Sources */,
				DB1239E21D1706AF00E8490A /* Simulator.swift in Sources */,
				DB249D1C1D107F4D00B47406 /* RouterRule.swift in Sources */,
				DB7C30B51CFF88EB00040771 /* Parser.swift in Sources */,
				DB7C30AB1CFF812500040771 /* main.swift in Sources */,
			);
			runOnlyForDeploymentPostprocessing = 0;
		};
/* End PBXSourcesBuildPhase section */

/* Begin XCBuildConfiguration section */
		DB7C30AC1CFF812500040771 /* Debug */ = {
			isa = XCBuildConfiguration;
			buildSettings = {
				ALWAYS_SEARCH_USER_PATHS = NO;
				CLANG_ANALYZER_NONNULL = YES;
				CLANG_CXX_LANGUAGE_STANDARD = "gnu++0x";
				CLANG_CXX_LIBRARY = "libc++";
				CLANG_ENABLE_MODULES = YES;
				CLANG_ENABLE_OBJC_ARC = YES;
				CLANG_WARN_BOOL_CONVERSION = YES;
				CLANG_WARN_CONSTANT_CONVERSION = YES;
				CLANG_WARN_DIRECT_OBJC_ISA_USAGE = YES_ERROR;
				CLANG_WARN_EMPTY_BODY = YES;
				CLANG_WARN_ENUM_CONVERSION = YES;
				CLANG_WARN_INT_CONVERSION = YES;
				CLANG_WARN_OBJC_ROOT_CLASS = YES_ERROR;
				CLANG_WARN_UNREACHABLE_CODE = YES;
				CLANG_WARN__DUPLICATE_METHOD_MATCH = YES;
				CODE_SIGN_IDENTITY = "-";
				COPY_PHASE_STRIP = NO;
				DEBUG_INFORMATION_FORMAT = dwarf;
				ENABLE_STRICT_OBJC_MSGSEND = YES;
				ENABLE_TESTABILITY = YES;
				GCC_C_LANGUAGE_STANDARD = gnu99;
				GCC_DYNAMIC_NO_PIC = NO;
				GCC_NO_COMMON_BLOCKS = YES;
				GCC_OPTIMIZATION_LEVEL = 0;
				GCC_PREPROCESSOR_DEFINITIONS = (
					"DEBUG=1",
					"$(inherited)",
				);
				GCC_WARN_64_TO_32_BIT_CONVERSION = YES;
				GCC_WARN_ABOUT_RETURN_TYPE = YES_ERROR;
				GCC_WARN_UNDECLARED_SELECTOR = YES;
				GCC_WARN_UNINITIALIZED_AUTOS = YES_AGGRESSIVE;
				GCC_WARN_UNUSED_FUNCTION = YES;
				GCC_WARN_UNUSED_VARIABLE = YES;
				MACOSX_DEPLOYMENT_TARGET = 10.11;
				MTL_ENABLE_DEBUG_INFO = YES;
				ONLY_ACTIVE_ARCH = YES;
				SDKROOT = macosx;
				SWIFT_OPTIMIZATION_LEVEL = "-Onone";
			};
			name = Debug;
		};
		DB7C30AD1CFF812500040771 /* Release */ = {
			isa = XCBuildConfiguration;
			buildSettings = {
				ALWAYS_SEARCH_USER_PATHS = NO;
				CLANG_ANALYZER_NONNULL = YES;
				CLANG_CXX_LANGUAGE_STANDARD = "gnu++0x";
				CLANG_CXX_LIBRARY = "libc++";
				CLANG_ENABLE_MODULES = YES;
				CLANG_ENABLE_OBJC_ARC = YES;
				CLANG_WARN_BOOL_CONVERSION = YES;
				CLANG_WARN_CONSTANT_CONVERSION = YES;
				CLANG_WARN_DIRECT_OBJC_ISA_USAGE = YES_ERROR;
				CLANG_WARN_EMPTY_BODY = YES;
				CLANG_WARN_ENUM_CONVERSION = YES;
				CLANG_WARN_INT_CONVERSION = YES;
				CLANG_WARN_OBJC_ROOT_CLASS = YES_ERROR;
				CLANG_WARN_UNREACHABLE_CODE = YES;
				CLANG_WARN__DUPLICATE_METHOD_MATCH = YES;
				CODE_SIGN_IDENTITY = "-";
				COPY_PHASE_STRIP = NO;
				DEBUG_INFORMATION_FORMAT = "dwarf-with-dsym";
				ENABLE_NS_ASSERTIONS = NO;
				ENABLE_STRICT_OBJC_MSGSEND = YES;
				GCC_C_LANGUAGE_STANDARD = gnu99;
				GCC_NO_COMMON_BLOCKS = YES;
				GCC_WARN_64_TO_32_BIT_CONVERSION = YES;
				GCC_WARN_ABOUT_RETURN_TYPE = YES_ERROR;
				GCC_WARN_UNDECLARED_SELECTOR = YES;
				GCC_WARN_UNINITIALIZED_AUTOS = YES_AGGRESSIVE;
				GCC_WARN_UNUSED_FUNCTION = YES;
				GCC_WARN_UNUSED_VARIABLE = YES;
				MACOSX_DEPLOYMENT_TARGET = 10.11;
				MTL_ENABLE_DEBUG_INFO = NO;
				SDKROOT = macosx;
			};
			name = Release;
		};
		DB7C30AF1CFF812500040771 /* Debug */ = {
			isa = XCBuildConfiguration;
			buildSettings = {
				PRODUCT_NAME = "$(TARGET_NAME)";
			};
			name = Debug;
		};
		DB7C30B01CFF812500040771 /* Release */ = {
			isa = XCBuildConfiguration;
			buildSettings = {
				PRODUCT_NAME = "$(TARGET_NAME)";
			};
			name = Release;
		};
/* End XCBuildConfiguration section */

/* Begin XCConfigurationList section */
		DB7C30A21CFF812500040771 /* Build configuration list for PBXProject "TrabalhoRedes" */ = {
			isa = XCConfigurationList;
			buildConfigurations = (
				DB7C30AC1CFF812500040771 /* Debug */,
				DB7C30AD1CFF812500040771 /* Release */,
			);
			defaultConfigurationIsVisible = 0;
			defaultConfigurationName = Release;
		};
		DB7C30AE1CFF812500040771 /* Build configuration list for PBXNativeTarget "TrabalhoRedes" */ = {
			isa = XCConfigurationList;
			buildConfigurations = (
				DB7C30AF1CFF812500040771 /* Debug */,
				DB7C30B01CFF812500040771 /* Release */,
			);
			defaultConfigurationIsVisible = 0;
			defaultConfigurationName = Release;
		};
/* End XCConfigurationList section */
	};
	rootObject = DB7C309F1CFF812500040771 /* Project object */;
}
